
Microsoft Visual Studio Solution File, Format Version 12.00
# Visual Studio Version 16
VisualStudioVersion = 16.0.29613.14
MinimumVisualStudioVersion = 10.0.40219.1
Project("{FAE04EC0-301F-11D3-BF4B-00C04F79EFBC}") = "ProyectoFinal", "ProyectoFinal\ProyectoFinal.csproj", "{2309BA68-4144-45D9-A961-4E6F14A27ECB}"
EndProject
Global
	GlobalSection(SolutionConfigurationPlatforms) = preSolution
		Debug|Any CPU = Debug|Any CPU
		Release|Any CPU = Release|Any CPU
	EndGlobalSection
	GlobalSection(ProjectConfigurationPlatforms) = postSolution
		{2309BA68-4144-45D9-A961-4E6F14A27ECB}.Debug|Any CPU.ActiveCfg = Debug|Any CPU
		{2309BA68-4144-45D9-A961-4E6F14A27ECB}.Debug|Any CPU.Build.0 = Debug|Any CPU
		{2309BA68-4144-45D9-A961-4E6F14A27ECB}.Release|Any CPU.ActiveCfg = Release|Any CPU
		{2309BA68-4144-45D9-A961-4E6F14A27ECB}.Release|Any CPU.Build.0 = Release|Any CPU
	EndGlobalSection
	GlobalSection(SolutionProperties) = preSolution
		HideSolutionNode = FALSE
	EndGlobalSection
	GlobalSection(ExtensibilityGlobals) = postSolution
		SolutionGuid = {5DEC6B26-2E9D-4941-AE48-15539BFE0A81}
	EndGlobalSection
EndGlobal
